// !$*UTF8*$!
{
	archiveVersion = 1;
	classes = {
	};
	objectVersion = 50;
	objects = {

/* Begin PBXBuildFile section */
		321A31C6238BBF0A00F48BA6 /* SettingViewController.m in Sources */ = {isa = PBXBuildFile; fileRef = 321A31C5238BBF0A00F48BA6 /* SettingViewController.m */; };
		321E1ACF23267DA7001A984B /* YLPickerView.m in Sources */ = {isa = PBXBuildFile; fileRef = 321E1ACE23267DA7001A984B /* YLPickerView.m */; };
		321E1AD223278A1E001A984B /* UIView+YLEx.m in Sources */ = {isa = PBXBuildFile; fileRef = 321E1AD123278A1E001A984B /* UIView+YLEx.m */; };
		321E6B1C23580A99001ECF7D /* Bridging.swift in Sources */ = {isa = PBXBuildFile; fileRef = 321E6B1B23580A99001ECF7D /* Bridging.swift */; };
		322114C92354421400CB1911 /* StoreKit.framework in Frameworks */ = {isa = PBXBuildFile; fileRef = 322114C82354421400CB1911 /* StoreKit.framework */; };
		322114CB2354421A00CB1911 /* MobileCoreServices.framework in Frameworks */ = {isa = PBXBuildFile; fileRef = 322114CA2354421A00CB1911 /* MobileCoreServices.framework */; };
		322114CD2354421F00CB1911 /* WebKit.framework in Frameworks */ = {isa = PBXBuildFile; fileRef = 322114CC2354421F00CB1911 /* WebKit.framework */; };
		322114CF2354422C00CB1911 /* MediaPlayer.framework in Frameworks */ = {isa = PBXBuildFile; fileRef = 322114CE2354422C00CB1911 /* MediaPlayer.framework */; };
		322114D12354423200CB1911 /* CoreMedia.framework in Frameworks */ = {isa = PBXBuildFile; fileRef = 322114D02354423200CB1911 /* CoreMedia.framework */; };
		322114D32354423700CB1911 /* AVFoundation.framework in Frameworks */ = {isa = PBXBuildFile; fileRef = 322114D22354423700CB1911 /* AVFoundation.framework */; };
		322114D52354423D00CB1911 /* CoreLocation.framework in Frameworks */ = {isa = PBXBuildFile; fileRef = 322114D42354423D00CB1911 /* CoreLocation.framework */; };
		322114D72354424300CB1911 /* CoreTelephony.framework in Frameworks */ = {isa = PBXBuildFile; fileRef = 322114D62354424300CB1911 /* CoreTelephony.framework */; };
		322114D92354424900CB1911 /* SystemConfiguration.framework in Frameworks */ = {isa = PBXBuildFile; fileRef = 322114D82354424900CB1911 /* SystemConfiguration.framework */; };
		322114DB2354424F00CB1911 /* AdSupport.framework in Frameworks */ = {isa = PBXBuildFile; fileRef = 322114DA2354424F00CB1911 /* AdSupport.framework */; };
		322114DD2354425400CB1911 /* CoreMotion.framework in Frameworks */ = {isa = PBXBuildFile; fileRef = 322114DC2354425400CB1911 /* CoreMotion.framework */; };
		322114DF2354425800CB1911 /* libc++.tbd in Frameworks */ = {isa = PBXBuildFile; fileRef = 322114DE2354425800CB1911 /* libc++.tbd */; };
		322114E12354425C00CB1911 /* libz.tbd in Frameworks */ = {isa = PBXBuildFile; fileRef = 322114E02354425C00CB1911 /* libz.tbd */; };
		322114E32354426000CB1911 /* libresolv.9.tbd in Frameworks */ = {isa = PBXBuildFile; fileRef = 322114E22354426000CB1911 /* libresolv.9.tbd */; };
		323DCAEA23A7870400BA83CE /* BUAdSDK.bundle in Resources */ = {isa = PBXBuildFile; fileRef = 323DCAE823A7870400BA83CE /* BUAdSDK.bundle */; };
		323DCAEB23A7870400BA83CE /* BUAdSDK.framework in Frameworks */ = {isa = PBXBuildFile; fileRef = 323DCAE923A7870400BA83CE /* BUAdSDK.framework */; };
		323DCAED23A7873F00BA83CE /* Accelerate.framework in Frameworks */ = {isa = PBXBuildFile; fileRef = 323DCAEC23A7873F00BA83CE /* Accelerate.framework */; };
		323DCAEF23A7874900BA83CE /* libsqlite3.tbd in Frameworks */ = {isa = PBXBuildFile; fileRef = 323DCAEE23A7874900BA83CE /* libsqlite3.tbd */; };
		324F6D5E23755476001DF864 /* ThirdViewController.m in Sources */ = {isa = PBXBuildFile; fileRef = 324F6D5D23755476001DF864 /* ThirdViewController.m */; };
		32AC85EE2306A3B8004A9F89 /* AppDelegate.m in Sources */ = {isa = PBXBuildFile; fileRef = 32AC85ED2306A3B8004A9F89 /* AppDelegate.m */; };
		32AC85F12306A3B8004A9F89 /* FirstViewController.m in Sources */ = {isa = PBXBuildFile; fileRef = 32AC85F02306A3B8004A9F89 /* FirstViewController.m */; };
		32AC85F42306A3B8004A9F89 /* SecondViewController.m in Sources */ = {isa = PBXBuildFile; fileRef = 32AC85F32306A3B8004A9F89 /* SecondViewController.m */; };
		32AC85F72306A3B8004A9F89 /* Main.storyboard in Resources */ = {isa = PBXBuildFile; fileRef = 32AC85F52306A3B8004A9F89 /* Main.storyboard */; };
		32AC85F92306A3B9004A9F89 /* Assets.xcassets in Resources */ = {isa = PBXBuildFile; fileRef = 32AC85F82306A3B9004A9F89 /* Assets.xcassets */; };
		32AC85FC2306A3B9004A9F89 /* LaunchScreen.storyboard in Resources */ = {isa = PBXBuildFile; fileRef = 32AC85FA2306A3B9004A9F89 /* LaunchScreen.storyboard */; };
		32AC85FF2306A3B9004A9F89 /* main.m in Sources */ = {isa = PBXBuildFile; fileRef = 32AC85FE2306A3B9004A9F89 /* main.m */; };
		32ACC6292317C5B5001F658C /* UserViewController.m in Sources */ = {isa = PBXBuildFile; fileRef = 32ACC6282317C5B5001F658C /* UserViewController.m */; };
		32EA88ED23ABA45500716A74 /* YLUISDK.framework in Frameworks */ = {isa = PBXBuildFile; fileRef = 32EA88EC23ABA45500716A74 /* YLUISDK.framework */; };
		32F7CD3523699835004D1FA2 /* YLUISDKResource.bundle in Resources */ = {isa = PBXBuildFile; fileRef = 32F7CD3423699835004D1FA2 /* YLUISDKResource.bundle */; };
/* End PBXBuildFile section */

/* Begin PBXCopyFilesBuildPhase section */
		32AC86092306A3E0004A9F89 /* Embed Frameworks */ = {
			isa = PBXCopyFilesBuildPhase;
			buildActionMask = 2147483647;
			dstPath = "";
			dstSubfolderSpec = 10;
			files = (
			);
			name = "Embed Frameworks";
			runOnlyForDeploymentPostprocessing = 0;
		};
/* End PBXCopyFilesBuildPhase section */

/* Begin PBXFileReference section */
		321A31C4238BBF0A00F48BA6 /* SettingViewController.h */ = {isa = PBXFileReference; lastKnownFileType = sourcecode.c.h; path = SettingViewController.h; sourceTree = "<group>"; };
		321A31C5238BBF0A00F48BA6 /* SettingViewController.m */ = {isa = PBXFileReference; lastKnownFileType = sourcecode.c.objc; path = SettingViewController.m; sourceTree = "<group>"; };
		321E1ACD23267DA7001A984B /* YLPickerView.h */ = {isa = PBXFileReference; lastKnownFileType = sourcecode.c.h; path = YLPickerView.h; sourceTree = "<group>"; };
		321E1ACE23267DA7001A984B /* YLPickerView.m */ = {isa = PBXFileReference; lastKnownFileType = sourcecode.c.objc; path = YLPickerView.m; sourceTree = "<group>"; };
		321E1AD023278A1E001A984B /* UIView+YLEx.h */ = {isa = PBXFileReference; fileEncoding = 4; lastKnownFileType = sourcecode.c.h; path = "UIView+YLEx.h"; sourceTree = "<group>"; };
		321E1AD123278A1E001A984B /* UIView+YLEx.m */ = {isa = PBXFileReference; fileEncoding = 4; lastKnownFileType = sourcecode.c.objc; path = "UIView+YLEx.m"; sourceTree = "<group>"; };
		321E1AD423278AAC001A984B /* YLUISDKDemo-Prefix.pch */ = {isa = PBXFileReference; lastKnownFileType = sourcecode.c.h; path = "YLUISDKDemo-Prefix.pch"; sourceTree = "<group>"; };
		321E6B1A23580A99001ECF7D /* YLUISDKDemo-Bridging-Header.h */ = {isa = PBXFileReference; lastKnownFileType = sourcecode.c.h; path = "YLUISDKDemo-Bridging-Header.h"; sourceTree = "<group>"; };
		321E6B1B23580A99001ECF7D /* Bridging.swift */ = {isa = PBXFileReference; lastKnownFileType = sourcecode.swift; path = Bridging.swift; sourceTree = "<group>"; };
		322114C82354421400CB1911 /* StoreKit.framework */ = {isa = PBXFileReference; lastKnownFileType = wrapper.framework; name = StoreKit.framework; path = System/Library/Frameworks/StoreKit.framework; sourceTree = SDKROOT; };
		322114CA2354421A00CB1911 /* MobileCoreServices.framework */ = {isa = PBXFileReference; lastKnownFileType = wrapper.framework; name = MobileCoreServices.framework; path = System/Library/Frameworks/MobileCoreServices.framework; sourceTree = SDKROOT; };
		322114CC2354421F00CB1911 /* WebKit.framework */ = {isa = PBXFileReference; lastKnownFileType = wrapper.framework; name = WebKit.framework; path = System/Library/Frameworks/WebKit.framework; sourceTree = SDKROOT; };
		322114CE2354422C00CB1911 /* MediaPlayer.framework */ = {isa = PBXFileReference; lastKnownFileType = wrapper.framework; name = MediaPlayer.framework; path = System/Library/Frameworks/MediaPlayer.framework; sourceTree = SDKROOT; };
		322114D02354423200CB1911 /* CoreMedia.framework */ = {isa = PBXFileReference; lastKnownFileType = wrapper.framework; name = CoreMedia.framework; path = System/Library/Frameworks/CoreMedia.framework; sourceTree = SDKROOT; };
		322114D22354423700CB1911 /* AVFoundation.framework */ = {isa = PBXFileReference; lastKnownFileType = wrapper.framework; name = AVFoundation.framework; path = System/Library/Frameworks/AVFoundation.framework; sourceTree = SDKROOT; };
		322114D42354423D00CB1911 /* CoreLocation.framework */ = {isa = PBXFileReference; lastKnownFileType = wrapper.framework; name = CoreLocation.framework; path = System/Library/Frameworks/CoreLocation.framework; sourceTree = SDKROOT; };
		322114D62354424300CB1911 /* CoreTelephony.framework */ = {isa = PBXFileReference; lastKnownFileType = wrapper.framework; name = CoreTelephony.framework; path = System/Library/Frameworks/CoreTelephony.framework; sourceTree = SDKROOT; };
		322114D82354424900CB1911 /* SystemConfiguration.framework */ = {isa = PBXFileReference; lastKnownFileType = wrapper.framework; name = SystemConfiguration.framework; path = System/Library/Frameworks/SystemConfiguration.framework; sourceTree = SDKROOT; };
		322114DA2354424F00CB1911 /* AdSupport.framework */ = {isa = PBXFileReference; lastKnownFileType = wrapper.framework; name = AdSupport.framework; path = System/Library/Frameworks/AdSupport.framework; sourceTree = SDKROOT; };
		322114DC2354425400CB1911 /* CoreMotion.framework */ = {isa = PBXFileReference; lastKnownFileType = wrapper.framework; name = CoreMotion.framework; path = System/Library/Frameworks/CoreMotion.framework; sourceTree = SDKROOT; };
		322114DE2354425800CB1911 /* libc++.tbd */ = {isa = PBXFileReference; lastKnownFileType = "sourcecode.text-based-dylib-definition"; name = "libc++.tbd"; path = "usr/lib/libc++.tbd"; sourceTree = SDKROOT; };
		322114E02354425C00CB1911 /* libz.tbd */ = {isa = PBXFileReference; lastKnownFileType = "sourcecode.text-based-dylib-definition"; name = libz.tbd; path = usr/lib/libz.tbd; sourceTree = SDKROOT; };
		322114E22354426000CB1911 /* libresolv.9.tbd */ = {isa = PBXFileReference; lastKnownFileType = "sourcecode.text-based-dylib-definition"; name = libresolv.9.tbd; path = usr/lib/libresolv.9.tbd; sourceTree = SDKROOT; };
		323DCAE823A7870400BA83CE /* BUAdSDK.bundle */ = {isa = PBXFileReference; lastKnownFileType = "wrapper.plug-in"; path = BUAdSDK.bundle; sourceTree = "<group>"; };
		323DCAE923A7870400BA83CE /* BUAdSDK.framework */ = {isa = PBXFileReference; lastKnownFileType = wrapper.framework; path = BUAdSDK.framework; sourceTree = "<group>"; };
		323DCAEC23A7873F00BA83CE /* Accelerate.framework */ = {isa = PBXFileReference; lastKnownFileType = wrapper.framework; name = Accelerate.framework; path = System/Library/Frameworks/Accelerate.framework; sourceTree = SDKROOT; };
		323DCAEE23A7874900BA83CE /* libsqlite3.tbd */ = {isa = PBXFileReference; lastKnownFileType = "sourcecode.text-based-dylib-definition"; name = libsqlite3.tbd; path = usr/lib/libsqlite3.tbd; sourceTree = SDKROOT; };
		324F6D5C23755476001DF864 /* ThirdViewController.h */ = {isa = PBXFileReference; lastKnownFileType = sourcecode.c.h; path = ThirdViewController.h; sourceTree = "<group>"; };
		324F6D5D23755476001DF864 /* ThirdViewController.m */ = {isa = PBXFileReference; lastKnownFileType = sourcecode.c.objc; path = ThirdViewController.m; sourceTree = "<group>"; };
		32AC85E92306A3B8004A9F89 /* YLUISDKDemo.app */ = {isa = PBXFileReference; explicitFileType = wrapper.application; includeInIndex = 0; path = YLUISDKDemo.app; sourceTree = BUILT_PRODUCTS_DIR; };
		32AC85EC2306A3B8004A9F89 /* AppDelegate.h */ = {isa = PBXFileReference; lastKnownFileType = sourcecode.c.h; path = AppDelegate.h; sourceTree = "<group>"; };
		32AC85ED2306A3B8004A9F89 /* AppDelegate.m */ = {isa = PBXFileReference; lastKnownFileType = sourcecode.c.objc; path = AppDelegate.m; sourceTree = "<group>"; };
		32AC85EF2306A3B8004A9F89 /* FirstViewController.h */ = {isa = PBXFileReference; lastKnownFileType = sourcecode.c.h; path = FirstViewController.h; sourceTree = "<group>"; };
		32AC85F02306A3B8004A9F89 /* FirstViewController.m */ = {isa = PBXFileReference; lastKnownFileType = sourcecode.c.objc; path = FirstViewController.m; sourceTree = "<group>"; };
		32AC85F22306A3B8004A9F89 /* SecondViewController.h */ = {isa = PBXFileReference; lastKnownFileType = sourcecode.c.h; path = SecondViewController.h; sourceTree = "<group>"; };
		32AC85F32306A3B8004A9F89 /* SecondViewController.m */ = {isa = PBXFileReference; lastKnownFileType = sourcecode.c.objc; path = SecondViewController.m; sourceTree = "<group>"; };
		32AC85F62306A3B8004A9F89 /* Base */ = {isa = PBXFileReference; lastKnownFileType = file.storyboard; name = Base; path = Base.lproj/Main.storyboard; sourceTree = "<group>"; };
		32AC85F82306A3B9004A9F89 /* Assets.xcassets */ = {isa = PBXFileReference; lastKnownFileType = folder.assetcatalog; path = Assets.xcassets; sourceTree = "<group>"; };
		32AC85FB2306A3B9004A9F89 /* Base */ = {isa = PBXFileReference; lastKnownFileType = file.storyboard; name = Base; path = Base.lproj/LaunchScreen.storyboard; sourceTree = "<group>"; };
		32AC85FD2306A3B9004A9F89 /* Info.plist */ = {isa = PBXFileReference; lastKnownFileType = text.plist.xml; path = Info.plist; sourceTree = "<group>"; };
		32AC85FE2306A3B9004A9F89 /* main.m */ = {isa = PBXFileReference; lastKnownFileType = sourcecode.c.objc; path = main.m; sourceTree = "<group>"; };
		32ACC6272317C5B5001F658C /* UserViewController.h */ = {isa = PBXFileReference; lastKnownFileType = sourcecode.c.h; path = UserViewController.h; sourceTree = "<group>"; };
		32ACC6282317C5B5001F658C /* UserViewController.m */ = {isa = PBXFileReference; lastKnownFileType = sourcecode.c.objc; path = UserViewController.m; sourceTree = "<group>"; };
		32EA88EC23ABA45500716A74 /* YLUISDK.framework */ = {isa = PBXFileReference; lastKnownFileType = wrapper.framework; path = YLUISDK.framework; sourceTree = "<group>"; };
		32F7CD3423699835004D1FA2 /* YLUISDKResource.bundle */ = {isa = PBXFileReference; lastKnownFileType = "wrapper.plug-in"; path = YLUISDKResource.bundle; sourceTree = "<group>"; };
/* End PBXFileReference section */

/* Begin PBXFrameworksBuildPhase section */
		32AC85E62306A3B8004A9F89 /* Frameworks */ = {
			isa = PBXFrameworksBuildPhase;
			buildActionMask = 2147483647;
			files = (
				323DCAEF23A7874900BA83CE /* libsqlite3.tbd in Frameworks */,
				323DCAED23A7873F00BA83CE /* Accelerate.framework in Frameworks */,
				322114E32354426000CB1911 /* libresolv.9.tbd in Frameworks */,
				322114E12354425C00CB1911 /* libz.tbd in Frameworks */,
				322114DF2354425800CB1911 /* libc++.tbd in Frameworks */,
				322114DD2354425400CB1911 /* CoreMotion.framework in Frameworks */,
				32EA88ED23ABA45500716A74 /* YLUISDK.framework in Frameworks */,
				322114DB2354424F00CB1911 /* AdSupport.framework in Frameworks */,
				322114D92354424900CB1911 /* SystemConfiguration.framework in Frameworks */,
				322114D72354424300CB1911 /* CoreTelephony.framework in Frameworks */,
				322114D52354423D00CB1911 /* CoreLocation.framework in Frameworks */,
				322114D32354423700CB1911 /* AVFoundation.framework in Frameworks */,
				322114D12354423200CB1911 /* CoreMedia.framework in Frameworks */,
				323DCAEB23A7870400BA83CE /* BUAdSDK.framework in Frameworks */,
				322114CF2354422C00CB1911 /* MediaPlayer.framework in Frameworks */,
				322114CD2354421F00CB1911 /* WebKit.framework in Frameworks */,
				322114CB2354421A00CB1911 /* MobileCoreServices.framework in Frameworks */,
				322114C92354421400CB1911 /* StoreKit.framework in Frameworks */,
			);
			runOnlyForDeploymentPostprocessing = 0;
		};
/* End PBXFrameworksBuildPhase section */

/* Begin PBXGroup section */
		322114C72354421400CB1911 /* Frameworks */ = {
			isa = PBXGroup;
			children = (
				323DCAEE23A7874900BA83CE /* libsqlite3.tbd */,
				323DCAEC23A7873F00BA83CE /* Accelerate.framework */,
				322114E22354426000CB1911 /* libresolv.9.tbd */,
				322114E02354425C00CB1911 /* libz.tbd */,
				322114DE2354425800CB1911 /* libc++.tbd */,
				322114DC2354425400CB1911 /* CoreMotion.framework */,
				322114DA2354424F00CB1911 /* AdSupport.framework */,
				322114D82354424900CB1911 /* SystemConfiguration.framework */,
				322114D62354424300CB1911 /* CoreTelephony.framework */,
				322114D42354423D00CB1911 /* CoreLocation.framework */,
				322114D22354423700CB1911 /* AVFoundation.framework */,
				322114D02354423200CB1911 /* CoreMedia.framework */,
				322114CE2354422C00CB1911 /* MediaPlayer.framework */,
				322114CC2354421F00CB1911 /* WebKit.framework */,
				322114CA2354421A00CB1911 /* MobileCoreServices.framework */,
				322114C82354421400CB1911 /* StoreKit.framework */,
			);
			name = Frameworks;
			sourceTree = "<group>";
		};
		32AC85E02306A3B8004A9F89 = {
			isa = PBXGroup;
			children = (
				32EA88EC23ABA45500716A74 /* YLUISDK.framework */,
				323DCAE823A7870400BA83CE /* BUAdSDK.bundle */,
				323DCAE923A7870400BA83CE /* BUAdSDK.framework */,
				32F7CD3423699835004D1FA2 /* YLUISDKResource.bundle */,
				32AC85EB2306A3B8004A9F89 /* YLUISDKDemo */,
				32AC85EA2306A3B8004A9F89 /* Products */,
				322114C72354421400CB1911 /* Frameworks */,
			);
			sourceTree = "<group>";
		};
		32AC85EA2306A3B8004A9F89 /* Products */ = {
			isa = PBXGroup;
			children = (
				32AC85E92306A3B8004A9F89 /* YLUISDKDemo.app */,
			);
			name = Products;
			sourceTree = "<group>";
		};
		32AC85EB2306A3B8004A9F89 /* YLUISDKDemo */ = {
			isa = PBXGroup;
			children = (
				32AC85EC2306A3B8004A9F89 /* AppDelegate.h */,
				32AC85ED2306A3B8004A9F89 /* AppDelegate.m */,
				32AC85EF2306A3B8004A9F89 /* FirstViewController.h */,
				32AC85F02306A3B8004A9F89 /* FirstViewController.m */,
				32AC85F22306A3B8004A9F89 /* SecondViewController.h */,
				32AC85F32306A3B8004A9F89 /* SecondViewController.m */,
				324F6D5C23755476001DF864 /* ThirdViewController.h */,
				324F6D5D23755476001DF864 /* ThirdViewController.m */,
				32ACC6272317C5B5001F658C /* UserViewController.h */,
				32ACC6282317C5B5001F658C /* UserViewController.m */,
				321A31C4238BBF0A00F48BA6 /* SettingViewController.h */,
				321A31C5238BBF0A00F48BA6 /* SettingViewController.m */,
				321E1ACD23267DA7001A984B /* YLPickerView.h */,
				321E1ACE23267DA7001A984B /* YLPickerView.m */,
				321E1AD023278A1E001A984B /* UIView+YLEx.h */,
				321E1AD123278A1E001A984B /* UIView+YLEx.m */,
				321E1AD423278AAC001A984B /* YLUISDKDemo-Prefix.pch */,
				32AC85F52306A3B8004A9F89 /* Main.storyboard */,
				32AC85F82306A3B9004A9F89 /* Assets.xcassets */,
				32AC85FA2306A3B9004A9F89 /* LaunchScreen.storyboard */,
				32AC85FD2306A3B9004A9F89 /* Info.plist */,
				32AC85FE2306A3B9004A9F89 /* main.m */,
				321E6B1B23580A99001ECF7D /* Bridging.swift */,
				321E6B1A23580A99001ECF7D /* YLUISDKDemo-Bridging-Header.h */,
			);
			path = YLUISDKDemo;
			sourceTree = "<group>";
		};
/* End PBXGroup section */

/* Begin PBXNativeTarget section */
		32AC85E82306A3B8004A9F89 /* YLUISDKDemo */ = {
			isa = PBXNativeTarget;
			buildConfigurationList = 32AC86022306A3B9004A9F89 /* Build configuration list for PBXNativeTarget "YLUISDKDemo" */;
			buildPhases = (
				32AC85E52306A3B8004A9F89 /* Sources */,
				32AC85E62306A3B8004A9F89 /* Frameworks */,
				32AC85E72306A3B8004A9F89 /* Resources */,
				32AC86092306A3E0004A9F89 /* Embed Frameworks */,
			);
			buildRules = (
			);
			dependencies = (
			);
			name = YLUISDKDemo;
			productName = YLUISDKDemo;
			productReference = 32AC85E92306A3B8004A9F89 /* YLUISDKDemo.app */;
			productType = "com.apple.product-type.application";
		};
/* End PBXNativeTarget section */

/* Begin PBXProject section */
		32AC85E12306A3B8004A9F89 /* Project object */ = {
			isa = PBXProject;
			attributes = {
				LastUpgradeCheck = 1030;
				ORGANIZATIONNAME = leihaojie;
				TargetAttributes = {
					32AC85E82306A3B8004A9F89 = {
						CreatedOnToolsVersion = 10.3;
						LastSwiftMigration = 1110;
					};
				};
			};
			buildConfigurationList = 32AC85E42306A3B8004A9F89 /* Build configuration list for PBXProject "YLUISDKDemo" */;
			compatibilityVersion = "Xcode 9.3";
			developmentRegion = en;
			hasScannedForEncodings = 0;
			knownRegions = (
				en,
				Base,
			);
			mainGroup = 32AC85E02306A3B8004A9F89;
			productRefGroup = 32AC85EA2306A3B8004A9F89 /* Products */;
			projectDirPath = "";
			projectRoot = "";
			targets = (
				32AC85E82306A3B8004A9F89 /* YLUISDKDemo */,
			);
		};
/* End PBXProject section */

/* Begin PBXResourcesBuildPhase section */
		32AC85E72306A3B8004A9F89 /* Resources */ = {
			isa = PBXResourcesBuildPhase;
			buildActionMask = 2147483647;
			files = (
				32AC85FC2306A3B9004A9F89 /* LaunchScreen.storyboard in Resources */,
				32AC85F92306A3B9004A9F89 /* Assets.xcassets in Resources */,
				32F7CD3523699835004D1FA2 /* YLUISDKResource.bundle in Resources */,
				32AC85F72306A3B8004A9F89 /* Main.storyboard in Resources */,
				323DCAEA23A7870400BA83CE /* BUAdSDK.bundle in Resources */,
			);
			runOnlyForDeploymentPostprocessing = 0;
		};
/* End PBXResourcesBuildPhase section */

/* Begin PBXSourcesBuildPhase section */
		32AC85E52306A3B8004A9F89 /* Sources */ = {
			isa = PBXSourcesBuildPhase;
			buildActionMask = 2147483647;
			files = (
				32AC85F42306A3B8004A9F89 /* SecondViewController.m in Sources */,
				32ACC6292317C5B5001F658C /* UserViewController.m in Sources */,
				32AC85EE2306A3B8004A9F89 /* AppDelegate.m in Sources */,
				321E1ACF23267DA7001A984B /* YLPickerView.m in Sources */,
				32AC85FF2306A3B9004A9F89 /* main.m in Sources */,
				324F6D5E23755476001DF864 /* ThirdViewController.m in Sources */,
				321E1AD223278A1E001A984B /* UIView+YLEx.m in Sources */,
				32AC85F12306A3B8004A9F89 /* FirstViewController.m in Sources */,
				321E6B1C23580A99001ECF7D /* Bridging.swift in Sources */,
				321A31C6238BBF0A00F48BA6 /* SettingViewController.m in Sources */,
			);
			runOnlyForDeploymentPostprocessing = 0;
		};
/* End PBXSourcesBuildPhase section */

/* Begin PBXVariantGroup section */
		32AC85F52306A3B8004A9F89 /* Main.storyboard */ = {
			isa = PBXVariantGroup;
			children = (
				32AC85F62306A3B8004A9F89 /* Base */,
			);
			name = Main.storyboard;
			sourceTree = "<group>";
		};
		32AC85FA2306A3B9004A9F89 /* LaunchScreen.storyboard */ = {
			isa = PBXVariantGroup;
			children = (
				32AC85FB2306A3B9004A9F89 /* Base */,
			);
			name = LaunchScreen.storyboard;
			sourceTree = "<group>";
		};
/* End PBXVariantGroup section */

/* Begin XCBuildConfiguration section */
		32AC86002306A3B9004A9F89 /* Debug */ = {
			isa = XCBuildConfiguration;
			buildSettings = {
				ALWAYS_SEARCH_USER_PATHS = NO;
				CLANG_ANALYZER_NONNULL = YES;
				CLANG_ANALYZER_NUMBER_OBJECT_CONVERSION = YES_AGGRESSIVE;
				CLANG_CXX_LANGUAGE_STANDARD = "gnu++14";
				CLANG_CXX_LIBRARY = "libc++";
				CLANG_ENABLE_MODULES = YES;
				CLANG_ENABLE_OBJC_ARC = YES;
				CLANG_ENABLE_OBJC_WEAK = YES;
				CLANG_WARN_BLOCK_CAPTURE_AUTORELEASING = YES;
				CLANG_WARN_BOOL_CONVERSION = YES;
				CLANG_WARN_COMMA = YES;
				CLANG_WARN_CONSTANT_CONVERSION = YES;
				CLANG_WARN_DEPRECATED_OBJC_IMPLEMENTATIONS = YES;
				CLANG_WARN_DIRECT_OBJC_ISA_USAGE = YES_ERROR;
				CLANG_WARN_DOCUMENTATION_COMMENTS = YES;
				CLANG_WARN_EMPTY_BODY = YES;
				CLANG_WARN_ENUM_CONVERSION = YES;
				CLANG_WARN_INFINITE_RECURSION = YES;
				CLANG_WARN_INT_CONVERSION = YES;
				CLANG_WARN_NON_LITERAL_NULL_CONVERSION = YES;
				CLANG_WARN_OBJC_IMPLICIT_RETAIN_SELF = YES;
				CLANG_WARN_OBJC_LITERAL_CONVERSION = YES;
				CLANG_WARN_OBJC_ROOT_CLASS = YES_ERROR;
				CLANG_WARN_RANGE_LOOP_ANALYSIS = YES;
				CLANG_WARN_STRICT_PROTOTYPES = YES;
				CLANG_WARN_SUSPICIOUS_MOVE = YES;
				CLANG_WARN_UNGUARDED_AVAILABILITY = YES_AGGRESSIVE;
				CLANG_WARN_UNREACHABLE_CODE = YES;
				CLANG_WARN__DUPLICATE_METHOD_MATCH = YES;
				CODE_SIGN_IDENTITY = "iPhone Developer";
				COPY_PHASE_STRIP = NO;
				DEBUG_INFORMATION_FORMAT = dwarf;
				ENABLE_STRICT_OBJC_MSGSEND = YES;
				ENABLE_TESTABILITY = YES;
				GCC_C_LANGUAGE_STANDARD = gnu11;
				GCC_DYNAMIC_NO_PIC = NO;
				GCC_NO_COMMON_BLOCKS = YES;
				GCC_OPTIMIZATION_LEVEL = 0;
				GCC_PREPROCESSOR_DEFINITIONS = (
					"DEBUG=1",
					"$(inherited)",
				);
				GCC_WARN_64_TO_32_BIT_CONVERSION = YES;
				GCC_WARN_ABOUT_RETURN_TYPE = YES_ERROR;
				GCC_WARN_UNDECLARED_SELECTOR = YES;
				GCC_WARN_UNINITIALIZED_AUTOS = YES_AGGRESSIVE;
				GCC_WARN_UNUSED_FUNCTION = YES;
				GCC_WARN_UNUSED_VARIABLE = YES;
				IPHONEOS_DEPLOYMENT_TARGET = 12.4;
				MTL_ENABLE_DEBUG_INFO = INCLUDE_SOURCE;
				MTL_FAST_MATH = YES;
				ONLY_ACTIVE_ARCH = YES;
				SDKROOT = iphoneos;
			};
			name = Debug;
		};
		32AC86012306A3B9004A9F89 /* Release */ = {
			isa = XCBuildConfiguration;
			buildSettings = {
				ALWAYS_SEARCH_USER_PATHS = NO;
				CLANG_ANALYZER_NONNULL = YES;
				CLANG_ANALYZER_NUMBER_OBJECT_CONVERSION = YES_AGGRESSIVE;
				CLANG_CXX_LANGUAGE_STANDARD = "gnu++14";
				CLANG_CXX_LIBRARY = "libc++";
				CLANG_ENABLE_MODULES = YES;
				CLANG_ENABLE_OBJC_ARC = YES;
				CLANG_ENABLE_OBJC_WEAK = YES;
				CLANG_WARN_BLOCK_CAPTURE_AUTORELEASING = YES;
				CLANG_WARN_BOOL_CONVERSION = YES;
				CLANG_WARN_COMMA = YES;
				CLANG_WARN_CONSTANT_CONVERSION = YES;
				CLANG_WARN_DEPRECATED_OBJC_IMPLEMENTATIONS = YES;
				CLANG_WARN_DIRECT_OBJC_ISA_USAGE = YES_ERROR;
				CLANG_WARN_DOCUMENTATION_COMMENTS = YES;
				CLANG_WARN_EMPTY_BODY = YES;
				CLANG_WARN_ENUM_CONVERSION = YES;
				CLANG_WARN_INFINITE_RECURSION = YES;
				CLANG_WARN_INT_CONVERSION = YES;
				CLANG_WARN_NON_LITERAL_NULL_CONVERSION = YES;
				CLANG_WARN_OBJC_IMPLICIT_RETAIN_SELF = YES;
				CLANG_WARN_OBJC_LITERAL_CONVERSION = YES;
				CLANG_WARN_OBJC_ROOT_CLASS = YES_ERROR;
				CLANG_WARN_RANGE_LOOP_ANALYSIS = YES;
				CLANG_WARN_STRICT_PROTOTYPES = YES;
				CLANG_WARN_SUSPICIOUS_MOVE = YES;
				CLANG_WARN_UNGUARDED_AVAILABILITY = YES_AGGRESSIVE;
				CLANG_WARN_UNREACHABLE_CODE = YES;
				CLANG_WARN__DUPLICATE_METHOD_MATCH = YES;
				CODE_SIGN_IDENTITY = "iPhone Developer";
				COPY_PHASE_STRIP = NO;
				DEBUG_INFORMATION_FORMAT = "dwarf-with-dsym";
				ENABLE_NS_ASSERTIONS = NO;
				ENABLE_STRICT_OBJC_MSGSEND = YES;
				GCC_C_LANGUAGE_STANDARD = gnu11;
				GCC_NO_COMMON_BLOCKS = YES;
				GCC_WARN_64_TO_32_BIT_CONVERSION = YES;
				GCC_WARN_ABOUT_RETURN_TYPE = YES_ERROR;
				GCC_WARN_UNDECLARED_SELECTOR = YES;
				GCC_WARN_UNINITIALIZED_AUTOS = YES_AGGRESSIVE;
				GCC_WARN_UNUSED_FUNCTION = YES;
				GCC_WARN_UNUSED_VARIABLE = YES;
				IPHONEOS_DEPLOYMENT_TARGET = 12.4;
				MTL_ENABLE_DEBUG_INFO = NO;
				MTL_FAST_MATH = YES;
				SDKROOT = iphoneos;
				VALIDATE_PRODUCT = YES;
			};
			name = Release;
		};
		32AC86032306A3B9004A9F89 /* Debug */ = {
			isa = XCBuildConfiguration;
			buildSettings = {
				ALWAYS_EMBED_SWIFT_STANDARD_LIBRARIES = YES;
				ASSETCATALOG_COMPILER_APPICON_NAME = AppIcon;
				CLANG_ENABLE_MODULES = YES;
				CODE_SIGN_STYLE = Automatic;
				DEVELOPMENT_TEAM = M5KCKV35Y3;
				FRAMEWORK_SEARCH_PATHS = (
					"$(inherited)",
					"$(PROJECT_DIR)",
				);
				GCC_PREFIX_HEADER = "$(SRCROOT)/YLUISDKDemo/YLUISDKDemo-Prefix.pch";
				INFOPLIST_FILE = YLUISDKDemo/Info.plist;
				IPHONEOS_DEPLOYMENT_TARGET = 9.0;
				LD_RUNPATH_SEARCH_PATHS = (
					"$(inherited)",
					"@executable_path/Frameworks",
				);
				OTHER_LDFLAGS = "-ObjC";
				PRODUCT_BUNDLE_IDENTIFIER = tv.yilan.howto.iphone;
				PRODUCT_NAME = YLUISDKDemo;
				SWIFT_OBJC_BRIDGING_HEADER = "YLUISDKDemo/YLUISDKDemo-Bridging-Header.h";
				SWIFT_OPTIMIZATION_LEVEL = "-Onone";
				SWIFT_VERSION = 5.0;
				TARGETED_DEVICE_FAMILY = 1;
			};
			name = Debug;
		};
		32AC86042306A3B9004A9F89 /* Release */ = {
			isa = XCBuildConfiguration;
			buildSettings = {
				ALWAYS_EMBED_SWIFT_STANDARD_LIBRARIES = YES;
				ASSETCATALOG_COMPILER_APPICON_NAME = AppIcon;
				CLANG_ENABLE_MODULES = YES;
				CODE_SIGN_STYLE = Automatic;
				DEVELOPMENT_TEAM = M5KCKV35Y3;
				FRAMEWORK_SEARCH_PATHS = (
					"$(inherited)",
					"$(PROJECT_DIR)",
				);
				GCC_PREFIX_HEADER = "$(SRCROOT)/YLUISDKDemo/YLUISDKDemo-Prefix.pch";
				INFOPLIST_FILE = YLUISDKDemo/Info.plist;
				IPHONEOS_DEPLOYMENT_TARGET = 9.0;
				LD_RUNPATH_SEARCH_PATHS = (
					"$(inherited)",
					"@executable_path/Frameworks",
				);
				OTHER_LDFLAGS = "-ObjC";
				PRODUCT_BUNDLE_IDENTIFIER = tv.yilan.howto.iphone;
				PRODUCT_NAME = YLUISDKDemo;
				SWIFT_OBJC_BRIDGING_HEADER = "YLUISDKDemo/YLUISDKDemo-Bridging-Header.h";
				SWIFT_VERSION = 5.0;
				TARGETED_DEVICE_FAMILY = 1;
			};
			name = Release;
		};
/* End XCBuildConfiguration section */

/* Begin XCConfigurationList section */
		32AC85E42306A3B8004A9F89 /* Build configuration list for PBXProject "YLUISDKDemo" */ = {
			isa = XCConfigurationList;
			buildConfigurations = (
				32AC86002306A3B9004A9F89 /* Debug */,
				32AC86012306A3B9004A9F89 /* Release */,
			);
			defaultConfigurationIsVisible = 0;
			defaultConfigurationName = Release;
		};
		32AC86022306A3B9004A9F89 /* Build configuration list for PBXNativeTarget "YLUISDKDemo" */ = {
			isa = XCConfigurationList;
			buildConfigurations = (
				32AC86032306A3B9004A9F89 /* Debug */,
				32AC86042306A3B9004A9F89 /* Release */,
			);
			defaultConfigurationIsVisible = 0;
			defaultConfigurationName = Release;
		};
/* End XCConfigurationList section */
	};
	rootObject = 32AC85E12306A3B8004A9F89 /* Project object */;
}
