// !$*UTF8*$!
{
	archiveVersion = 1;
	classes = {
	};
	objectVersion = 50;
	objects = {

/* Begin PBXBuildFile section */
		FB936BCA2212A094001B5ECA /* AppDelegate.m in Sources */ = {isa = PBXBuildFile; fileRef = FB936BC92212A094001B5ECA /* AppDelegate.m */; };
		FB936BCD2212A094001B5ECA /* ViewController.m in Sources */ = {isa = PBXBuildFile; fileRef = FB936BCC2212A094001B5ECA /* ViewController.m */; };
		FB936BD02212A094001B5ECA /* Main.storyboard in Resources */ = {isa = PBXBuildFile; fileRef = FB936BCE2212A094001B5ECA /* Main.storyboard */; };
		FB936BD22212A095001B5ECA /* Assets.xcassets in Resources */ = {isa = PBXBuildFile; fileRef = FB936BD12212A095001B5ECA /* Assets.xcassets */; };
		FB936BD52212A095001B5ECA /* LaunchScreen.storyboard in Resources */ = {isa = PBXBuildFile; fileRef = FB936BD32212A095001B5ECA /* LaunchScreen.storyboard */; };
		FB936BD82212A095001B5ECA /* main.m in Sources */ = {isa = PBXBuildFile; fileRef = FB936BD72212A095001B5ECA /* main.m */; };
		FB936BF22213C897001B5ECA /* YLUISDK.framework in Frameworks */ = {isa = PBXBuildFile; fileRef = FB936BF02213C88E001B5ECA /* YLUISDK.framework */; };
		FB936BF32213C897001B5ECA /* YLUISDK.framework in Embed Frameworks */ = {isa = PBXBuildFile; fileRef = FB936BF02213C88E001B5ECA /* YLUISDK.framework */; settings = {ATTRIBUTES = (CodeSignOnCopy, RemoveHeadersOnCopy, ); }; };
/* End PBXBuildFile section */

/* Begin PBXCopyFilesBuildPhase section */
		FB936BE42212A317001B5ECA /* Embed Frameworks */ = {
			isa = PBXCopyFilesBuildPhase;
			buildActionMask = 2147483647;
			dstPath = "";
			dstSubfolderSpec = 10;
			files = (
				FB936BF32213C897001B5ECA /* YLUISDK.framework in Embed Frameworks */,
			);
			name = "Embed Frameworks";
			runOnlyForDeploymentPostprocessing = 0;
		};
/* End PBXCopyFilesBuildPhase section */

/* Begin PBXFileReference section */
		FB936BC52212A094001B5ECA /* YLUISDKDemo.app */ = {isa = PBXFileReference; explicitFileType = wrapper.application; includeInIndex = 0; path = YLUISDKDemo.app; sourceTree = BUILT_PRODUCTS_DIR; };
		FB936BC82212A094001B5ECA /* AppDelegate.h */ = {isa = PBXFileReference; lastKnownFileType = sourcecode.c.h; path = AppDelegate.h; sourceTree = "<group>"; };
		FB936BC92212A094001B5ECA /* AppDelegate.m */ = {isa = PBXFileReference; lastKnownFileType = sourcecode.c.objc; path = AppDelegate.m; sourceTree = "<group>"; };
		FB936BCB2212A094001B5ECA /* ViewController.h */ = {isa = PBXFileReference; lastKnownFileType = sourcecode.c.h; path = ViewController.h; sourceTree = "<group>"; };
		FB936BCC2212A094001B5ECA /* ViewController.m */ = {isa = PBXFileReference; lastKnownFileType = sourcecode.c.objc; path = ViewController.m; sourceTree = "<group>"; };
		FB936BCF2212A094001B5ECA /* Base */ = {isa = PBXFileReference; lastKnownFileType = file.storyboard; name = Base; path = Base.lproj/Main.storyboard; sourceTree = "<group>"; };
		FB936BD12212A095001B5ECA /* Assets.xcassets */ = {isa = PBXFileReference; lastKnownFileType = folder.assetcatalog; path = Assets.xcassets; sourceTree = "<group>"; };
		FB936BD42212A095001B5ECA /* Base */ = {isa = PBXFileReference; lastKnownFileType = file.storyboard; name = Base; path = Base.lproj/LaunchScreen.storyboard; sourceTree = "<group>"; };
		FB936BD62212A095001B5ECA /* Info.plist */ = {isa = PBXFileReference; lastKnownFileType = text.plist.xml; path = Info.plist; sourceTree = "<group>"; };
		FB936BD72212A095001B5ECA /* main.m */ = {isa = PBXFileReference; lastKnownFileType = sourcecode.c.objc; path = main.m; sourceTree = "<group>"; };
		FB936BF02213C88E001B5ECA /* YLUISDK.framework */ = {isa = PBXFileReference; lastKnownFileType = wrapper.framework; path = YLUISDK.framework; sourceTree = "<group>"; };
/* End PBXFileReference section */

/* Begin PBXFrameworksBuildPhase section */
		FB936BC22212A094001B5ECA /* Frameworks */ = {
			isa = PBXFrameworksBuildPhase;
			buildActionMask = 2147483647;
			files = (
				FB936BF22213C897001B5ECA /* YLUISDK.framework in Frameworks */,
			);
			runOnlyForDeploymentPostprocessing = 0;
		};
/* End PBXFrameworksBuildPhase section */

/* Begin PBXGroup section */
		FB936BBC2212A094001B5ECA = {
			isa = PBXGroup;
			children = (
				FB936BF02213C88E001B5ECA /* YLUISDK.framework */,
				FB936BC72212A094001B5ECA /* YLUISDKDemo */,
				FB936BDE2212A305001B5ECA /* Frameworks */,
				FB936BC62212A094001B5ECA /* Products */,
			);
			sourceTree = "<group>";
		};
		FB936BC62212A094001B5ECA /* Products */ = {
			isa = PBXGroup;
			children = (
				FB936BC52212A094001B5ECA /* YLUISDKDemo.app */,
			);
			name = Products;
			sourceTree = "<group>";
		};
		FB936BC72212A094001B5ECA /* YLUISDKDemo */ = {
			isa = PBXGroup;
			children = (
				FB936BC82212A094001B5ECA /* AppDelegate.h */,
				FB936BC92212A094001B5ECA /* AppDelegate.m */,
				FB936BCB2212A094001B5ECA /* ViewController.h */,
				FB936BCC2212A094001B5ECA /* ViewController.m */,
				FB936BCE2212A094001B5ECA /* Main.storyboard */,
				FB936BD12212A095001B5ECA /* Assets.xcassets */,
				FB936BD32212A095001B5ECA /* LaunchScreen.storyboard */,
				FB936BD62212A095001B5ECA /* Info.plist */,
				FB936BD72212A095001B5ECA /* main.m */,
			);
			path = YLUISDKDemo;
			sourceTree = "<group>";
		};
		FB936BDE2212A305001B5ECA /* Frameworks */ = {
			isa = PBXGroup;
			children = (
			);
			name = Frameworks;
			sourceTree = "<group>";
		};
/* End PBXGroup section */

/* Begin PBXNativeTarget section */
		FB936BC42212A094001B5ECA /* YLUISDKDemo */ = {
			isa = PBXNativeTarget;
			buildConfigurationList = FB936BDB2212A095001B5ECA /* Build configuration list for PBXNativeTarget "YLUISDKDemo" */;
			buildPhases = (
				FB936BC12212A094001B5ECA /* Sources */,
				FB936BC22212A094001B5ECA /* Frameworks */,
				FB936BC32212A094001B5ECA /* Resources */,
				FB936BE42212A317001B5ECA /* Embed Frameworks */,
			);
			buildRules = (
			);
			dependencies = (
			);
			name = YLUISDKDemo;
			productName = YLUISDKDemo;
			productReference = FB936BC52212A094001B5ECA /* YLUISDKDemo.app */;
			productType = "com.apple.product-type.application";
		};
/* End PBXNativeTarget section */

/* Begin PBXProject section */
		FB936BBD2212A094001B5ECA /* Project object */ = {
			isa = PBXProject;
			attributes = {
				LastUpgradeCheck = 1010;
				ORGANIZATIONNAME = yilan;
				TargetAttributes = {
					FB936BC42212A094001B5ECA = {
						CreatedOnToolsVersion = 10.1;
						LastSwiftMigration = 1010;
					};
				};
			};
			buildConfigurationList = FB936BC02212A094001B5ECA /* Build configuration list for PBXProject "YLUISDKDemo" */;
			compatibilityVersion = "Xcode 9.3";
			developmentRegion = en;
			hasScannedForEncodings = 0;
			knownRegions = (
				en,
				Base,
			);
			mainGroup = FB936BBC2212A094001B5ECA;
			productRefGroup = FB936BC62212A094001B5ECA /* Products */;
			projectDirPath = "";
			projectRoot = "";
			targets = (
				FB936BC42212A094001B5ECA /* YLUISDKDemo */,
			);
		};
/* End PBXProject section */

/* Begin PBXResourcesBuildPhase section */
		FB936BC32212A094001B5ECA /* Resources */ = {
			isa = PBXResourcesBuildPhase;
			buildActionMask = 2147483647;
			files = (
				FB936BD52212A095001B5ECA /* LaunchScreen.storyboard in Resources */,
				FB936BD22212A095001B5ECA /* Assets.xcassets in Resources */,
				FB936BD02212A094001B5ECA /* Main.storyboard in Resources */,
			);
			runOnlyForDeploymentPostprocessing = 0;
		};
/* End PBXResourcesBuildPhase section */

/* Begin PBXSourcesBuildPhase section */
		FB936BC12212A094001B5ECA /* Sources */ = {
			isa = PBXSourcesBuildPhase;
			buildActionMask = 2147483647;
			files = (
				FB936BCD2212A094001B5ECA /* ViewController.m in Sources */,
				FB936BD82212A095001B5ECA /* main.m in Sources */,
				FB936BCA2212A094001B5ECA /* AppDelegate.m in Sources */,
			);
			runOnlyForDeploymentPostprocessing = 0;
		};
/* End PBXSourcesBuildPhase section */

/* Begin PBXVariantGroup section */
		FB936BCE2212A094001B5ECA /* Main.storyboard */ = {
			isa = PBXVariantGroup;
			children = (
				FB936BCF2212A094001B5ECA /* Base */,
			);
			name = Main.storyboard;
			sourceTree = "<group>";
		};
		FB936BD32212A095001B5ECA /* LaunchScreen.storyboard */ = {
			isa = PBXVariantGroup;
			children = (
				FB936BD42212A095001B5ECA /* Base */,
			);
			name = LaunchScreen.storyboard;
			sourceTree = "<group>";
		};
/* End PBXVariantGroup section */

/* Begin XCBuildConfiguration section */
		FB936BD92212A095001B5ECA /* Debug */ = {
			isa = XCBuildConfiguration;
			buildSettings = {
				ALWAYS_SEARCH_USER_PATHS = NO;
				CLANG_ANALYZER_NONNULL = YES;
				CLANG_ANALYZER_NUMBER_OBJECT_CONVERSION = YES_AGGRESSIVE;
				CLANG_CXX_LANGUAGE_STANDARD = "gnu++14";
				CLANG_CXX_LIBRARY = "libc++";
				CLANG_ENABLE_MODULES = YES;
				CLANG_ENABLE_OBJC_ARC = YES;
				CLANG_ENABLE_OBJC_WEAK = YES;
				CLANG_WARN_BLOCK_CAPTURE_AUTORELEASING = YES;
				CLANG_WARN_BOOL_CONVERSION = YES;
				CLANG_WARN_COMMA = YES;
				CLANG_WARN_CONSTANT_CONVERSION = YES;
				CLANG_WARN_DEPRECATED_OBJC_IMPLEMENTATIONS = YES;
				CLANG_WARN_DIRECT_OBJC_ISA_USAGE = YES_ERROR;
				CLANG_WARN_DOCUMENTATION_COMMENTS = YES;
				CLANG_WARN_EMPTY_BODY = YES;
				CLANG_WARN_ENUM_CONVERSION = YES;
				CLANG_WARN_INFINITE_RECURSION = YES;
				CLANG_WARN_INT_CONVERSION = YES;
				CLANG_WARN_NON_LITERAL_NULL_CONVERSION = YES;
				CLANG_WARN_OBJC_IMPLICIT_RETAIN_SELF = YES;
				CLANG_WARN_OBJC_LITERAL_CONVERSION = YES;
				CLANG_WARN_OBJC_ROOT_CLASS = YES_ERROR;
				CLANG_WARN_RANGE_LOOP_ANALYSIS = YES;
				CLANG_WARN_STRICT_PROTOTYPES = YES;
				CLANG_WARN_SUSPICIOUS_MOVE = YES;
				CLANG_WARN_UNGUARDED_AVAILABILITY = YES_AGGRESSIVE;
				CLANG_WARN_UNREACHABLE_CODE = YES;
				CLANG_WARN__DUPLICATE_METHOD_MATCH = YES;
				CODE_SIGN_IDENTITY = "iPhone Developer";
				COPY_PHASE_STRIP = NO;
				DEBUG_INFORMATION_FORMAT = dwarf;
				ENABLE_STRICT_OBJC_MSGSEND = YES;
				ENABLE_TESTABILITY = YES;
				GCC_C_LANGUAGE_STANDARD = gnu11;
				GCC_DYNAMIC_NO_PIC = NO;
				GCC_NO_COMMON_BLOCKS = YES;
				GCC_OPTIMIZATION_LEVEL = 0;
				GCC_PREPROCESSOR_DEFINITIONS = (
					"DEBUG=1",
					"$(inherited)",
				);
				GCC_WARN_64_TO_32_BIT_CONVERSION = YES;
				GCC_WARN_ABOUT_RETURN_TYPE = YES_ERROR;
				GCC_WARN_UNDECLARED_SELECTOR = YES;
				GCC_WARN_UNINITIALIZED_AUTOS = YES_AGGRESSIVE;
				GCC_WARN_UNUSED_FUNCTION = YES;
				GCC_WARN_UNUSED_VARIABLE = YES;
				IPHONEOS_DEPLOYMENT_TARGET = 12.1;
				MTL_ENABLE_DEBUG_INFO = INCLUDE_SOURCE;
				MTL_FAST_MATH = YES;
				ONLY_ACTIVE_ARCH = YES;
				SDKROOT = iphoneos;
			};
			name = Debug;
		};
		FB936BDA2212A095001B5ECA /* Release */ = {
			isa = XCBuildConfiguration;
			buildSettings = {
				ALWAYS_SEARCH_USER_PATHS = NO;
				CLANG_ANALYZER_NONNULL = YES;
				CLANG_ANALYZER_NUMBER_OBJECT_CONVERSION = YES_AGGRESSIVE;
				CLANG_CXX_LANGUAGE_STANDARD = "gnu++14";
				CLANG_CXX_LIBRARY = "libc++";
				CLANG_ENABLE_MODULES = YES;
				CLANG_ENABLE_OBJC_ARC = YES;
				CLANG_ENABLE_OBJC_WEAK = YES;
				CLANG_WARN_BLOCK_CAPTURE_AUTORELEASING = YES;
				CLANG_WARN_BOOL_CONVERSION = YES;
				CLANG_WARN_COMMA = YES;
				CLANG_WARN_CONSTANT_CONVERSION = YES;
				CLANG_WARN_DEPRECATED_OBJC_IMPLEMENTATIONS = YES;
				CLANG_WARN_DIRECT_OBJC_ISA_USAGE = YES_ERROR;
				CLANG_WARN_DOCUMENTATION_COMMENTS = YES;
				CLANG_WARN_EMPTY_BODY = YES;
				CLANG_WARN_ENUM_CONVERSION = YES;
				CLANG_WARN_INFINITE_RECURSION = YES;
				CLANG_WARN_INT_CONVERSION = YES;
				CLANG_WARN_NON_LITERAL_NULL_CONVERSION = YES;
				CLANG_WARN_OBJC_IMPLICIT_RETAIN_SELF = YES;
				CLANG_WARN_OBJC_LITERAL_CONVERSION = YES;
				CLANG_WARN_OBJC_ROOT_CLASS = YES_ERROR;
				CLANG_WARN_RANGE_LOOP_ANALYSIS = YES;
				CLANG_WARN_STRICT_PROTOTYPES = YES;
				CLANG_WARN_SUSPICIOUS_MOVE = YES;
				CLANG_WARN_UNGUARDED_AVAILABILITY = YES_AGGRESSIVE;
				CLANG_WARN_UNREACHABLE_CODE = YES;
				CLANG_WARN__DUPLICATE_METHOD_MATCH = YES;
				CODE_SIGN_IDENTITY = "iPhone Developer";
				COPY_PHASE_STRIP = NO;
				DEBUG_INFORMATION_FORMAT = "dwarf-with-dsym";
				ENABLE_NS_ASSERTIONS = NO;
				ENABLE_STRICT_OBJC_MSGSEND = YES;
				GCC_C_LANGUAGE_STANDARD = gnu11;
				GCC_NO_COMMON_BLOCKS = YES;
				GCC_WARN_64_TO_32_BIT_CONVERSION = YES;
				GCC_WARN_ABOUT_RETURN_TYPE = YES_ERROR;
				GCC_WARN_UNDECLARED_SELECTOR = YES;
				GCC_WARN_UNINITIALIZED_AUTOS = YES_AGGRESSIVE;
				GCC_WARN_UNUSED_FUNCTION = YES;
				GCC_WARN_UNUSED_VARIABLE = YES;
				IPHONEOS_DEPLOYMENT_TARGET = 12.1;
				MTL_ENABLE_DEBUG_INFO = NO;
				MTL_FAST_MATH = YES;
				SDKROOT = iphoneos;
				VALIDATE_PRODUCT = YES;
			};
			name = Release;
		};
		FB936BDC2212A095001B5ECA /* Debug */ = {
			isa = XCBuildConfiguration;
			buildSettings = {
				ALWAYS_EMBED_SWIFT_STANDARD_LIBRARIES = YES;
				ASSETCATALOG_COMPILER_APPICON_NAME = AppIcon;
				CLANG_ENABLE_MODULES = YES;
				CODE_SIGN_STYLE = Automatic;
				DEVELOPMENT_TEAM = M5KCKV35Y3;
				FRAMEWORK_SEARCH_PATHS = (
					"$(inherited)",
					"$(PROJECT_DIR)",
				);
				INFOPLIST_FILE = YLUISDKDemo/Info.plist;
				IPHONEOS_DEPLOYMENT_TARGET = 9.0;
				LD_RUNPATH_SEARCH_PATHS = (
					"$(inherited)",
					"@executable_path/Frameworks",
				);
				OTHER_LDFLAGS = "-all_load";
				PRODUCT_BUNDLE_IDENTIFIER = tv.yilan.UISDKDemo;
				PRODUCT_NAME = "$(TARGET_NAME)";
				SWIFT_OPTIMIZATION_LEVEL = "-Onone";
				SWIFT_VERSION = 4.2;
				TARGETED_DEVICE_FAMILY = "1,2";
			};
			name = Debug;
		};
		FB936BDD2212A095001B5ECA /* Release */ = {
			isa = XCBuildConfiguration;
			buildSettings = {
				ALWAYS_EMBED_SWIFT_STANDARD_LIBRARIES = YES;
				ASSETCATALOG_COMPILER_APPICON_NAME = AppIcon;
				CLANG_ENABLE_MODULES = YES;
				CODE_SIGN_STYLE = Automatic;
				DEVELOPMENT_TEAM = M5KCKV35Y3;
				FRAMEWORK_SEARCH_PATHS = (
					"$(inherited)",
					"$(PROJECT_DIR)",
				);
				INFOPLIST_FILE = YLUISDKDemo/Info.plist;
				IPHONEOS_DEPLOYMENT_TARGET = 9.0;
				LD_RUNPATH_SEARCH_PATHS = (
					"$(inherited)",
					"@executable_path/Frameworks",
				);
				OTHER_LDFLAGS = "-all_load";
				PRODUCT_BUNDLE_IDENTIFIER = tv.yilan.UISDKDemo;
				PRODUCT_NAME = "$(TARGET_NAME)";
				SWIFT_VERSION = 4.2;
				TARGETED_DEVICE_FAMILY = "1,2";
			};
			name = Release;
		};
/* End XCBuildConfiguration section */

/* Begin XCConfigurationList section */
		FB936BC02212A094001B5ECA /* Build configuration list for PBXProject "YLUISDKDemo" */ = {
			isa = XCConfigurationList;
			buildConfigurations = (
				FB936BD92212A095001B5ECA /* Debug */,
				FB936BDA2212A095001B5ECA /* Release */,
			);
			defaultConfigurationIsVisible = 0;
			defaultConfigurationName = Release;
		};
		FB936BDB2212A095001B5ECA /* Build configuration list for PBXNativeTarget "YLUISDKDemo" */ = {
			isa = XCConfigurationList;
			buildConfigurations = (
				FB936BDC2212A095001B5ECA /* Debug */,
				FB936BDD2212A095001B5ECA /* Release */,
			);
			defaultConfigurationIsVisible = 0;
			defaultConfigurationName = Release;
		};
/* End XCConfigurationList section */
	};
	rootObject = FB936BBD2212A094001B5ECA /* Project object */;
}
